// !$*UTF8*$!
{
	archiveVersion = 1;
	classes = {
	};
	objectVersion = 55;
	objects = {

/* Begin PBXBuildFile section */
		3945D11C289AE081005A70B9 /* OnboardingButtonStyle.swift in Sources */ = {isa = PBXBuildFile; fileRef = 3945D11B289AE081005A70B9 /* OnboardingButtonStyle.swift */; };
		3945D11F289AE955005A70B9 /* CreateProfileTextFiledStyle.swift in Sources */ = {isa = PBXBuildFile; fileRef = 3945D11E289AE955005A70B9 /* CreateProfileTextFiledStyle.swift */; };
		394C1F4A289A4679004E8956 /* EdhuruApp.swift in Sources */ = {isa = PBXBuildFile; fileRef = 394C1F49289A4679004E8956 /* EdhuruApp.swift */; };
		394C1F4C289A4679004E8956 /* RootView.swift in Sources */ = {isa = PBXBuildFile; fileRef = 394C1F4B289A4679004E8956 /* RootView.swift */; };
		394C1F4E289A467A004E8956 /* Assets.xcassets in Resources */ = {isa = PBXBuildFile; fileRef = 394C1F4D289A467A004E8956 /* Assets.xcassets */; };
		394C1F51289A467A004E8956 /* Preview Assets.xcassets in Resources */ = {isa = PBXBuildFile; fileRef = 394C1F50289A467A004E8956 /* Preview Assets.xcassets */; };
		394C1F60289A4A73004E8956 /* LexendDeca-Bold.ttf in Resources */ = {isa = PBXBuildFile; fileRef = 394C1F5D289A4A73004E8956 /* LexendDeca-Bold.ttf */; };
		394C1F61289A4A73004E8956 /* LexendDeca-SemiBold.ttf in Resources */ = {isa = PBXBuildFile; fileRef = 394C1F5E289A4A73004E8956 /* LexendDeca-SemiBold.ttf */; };
		394C1F62289A4A73004E8956 /* LexendDeca-Regular.ttf in Resources */ = {isa = PBXBuildFile; fileRef = 394C1F5F289A4A73004E8956 /* LexendDeca-Regular.ttf */; };
		394C1F65289A4B56004E8956 /* Fonts.swift in Sources */ = {isa = PBXBuildFile; fileRef = 394C1F64289A4B56004E8956 /* Fonts.swift */; };
		394C1F68289A6922004E8956 /* CustomTabBar.swift in Sources */ = {isa = PBXBuildFile; fileRef = 394C1F67289A6922004E8956 /* CustomTabBar.swift */; };
		39A19D4E289A6F7900B08027 /* TabBarButton.swift in Sources */ = {isa = PBXBuildFile; fileRef = 39A19D4D289A6F7800B08027 /* TabBarButton.swift */; };
		39A19D50289A8DDD00B08027 /* GoogleService-Info.plist in Resources */ = {isa = PBXBuildFile; fileRef = 39A19D4F289A8DDD00B08027 /* GoogleService-Info.plist */; };
		39A19D53289A8EC500B08027 /* FirebaseAuth in Frameworks */ = {isa = PBXBuildFile; productRef = 39A19D52289A8EC500B08027 /* FirebaseAuth */; };
		39A19D55289A8EC600B08027 /* FirebaseFirestore in Frameworks */ = {isa = PBXBuildFile; productRef = 39A19D54289A8EC600B08027 /* FirebaseFirestore */; };
		39A19D57289A8EC600B08027 /* FirebaseFirestoreSwift in Frameworks */ = {isa = PBXBuildFile; productRef = 39A19D56289A8EC600B08027 /* FirebaseFirestoreSwift */; };
		39A19D59289A8EC600B08027 /* FirebaseMessaging in Frameworks */ = {isa = PBXBuildFile; productRef = 39A19D58289A8EC600B08027 /* FirebaseMessaging */; };
		39A19D5B289A8EC600B08027 /* FirebaseStorage in Frameworks */ = {isa = PBXBuildFile; productRef = 39A19D5A289A8EC600B08027 /* FirebaseStorage */; };
		39A19D5D289A8F2400B08027 /* AppDelegate.swift in Sources */ = {isa = PBXBuildFile; fileRef = 39A19D5C289A8F2300B08027 /* AppDelegate.swift */; };
		39A19D60289AD33900B08027 /* AuthViewModel.swift in Sources */ = {isa = PBXBuildFile; fileRef = 39A19D5F289AD33900B08027 /* AuthViewModel.swift */; };
		39A19D65289AD63100B08027 /* OnboardingContainerView.swift in Sources */ = {isa = PBXBuildFile; fileRef = 39A19D64289AD63100B08027 /* OnboardingContainerView.swift */; };
		39A19D67289AD75900B08027 /* WelcomeView.swift in Sources */ = {isa = PBXBuildFile; fileRef = 39A19D66289AD75900B08027 /* WelcomeView.swift */; };
		39A19D69289AD76500B08027 /* PhoneNumberView.swift in Sources */ = {isa = PBXBuildFile; fileRef = 39A19D68289AD76500B08027 /* PhoneNumberView.swift */; };
		39A19D6B289AD76C00B08027 /* VerificationView.swift in Sources */ = {isa = PBXBuildFile; fileRef = 39A19D6A289AD76C00B08027 /* VerificationView.swift */; };
		39A19D6D289AD77E00B08027 /* CreateProfileView.swift in Sources */ = {isa = PBXBuildFile; fileRef = 39A19D6C289AD77E00B08027 /* CreateProfileView.swift */; };
		39A19D6F289AD78700B08027 /* SyncContactsView.swift in Sources */ = {isa = PBXBuildFile; fileRef = 39A19D6E289AD78700B08027 /* SyncContactsView.swift */; };
/* End PBXBuildFile section */

/* Begin PBXFileReference section */
		3945D11B289AE081005A70B9 /* OnboardingButtonStyle.swift */ = {isa = PBXFileReference; lastKnownFileType = sourcecode.swift; path = OnboardingButtonStyle.swift; sourceTree = "<group>"; };
		3945D11E289AE955005A70B9 /* CreateProfileTextFiledStyle.swift */ = {isa = PBXFileReference; lastKnownFileType = sourcecode.swift; path = CreateProfileTextFiledStyle.swift; sourceTree = "<group>"; };
		394C1F46289A4679004E8956 /* Edhuru.app */ = {isa = PBXFileReference; explicitFileType = wrapper.application; includeInIndex = 0; path = Edhuru.app; sourceTree = BUILT_PRODUCTS_DIR; };
		394C1F49289A4679004E8956 /* EdhuruApp.swift */ = {isa = PBXFileReference; lastKnownFileType = sourcecode.swift; path = EdhuruApp.swift; sourceTree = "<group>"; };
		394C1F4B289A4679004E8956 /* RootView.swift */ = {isa = PBXFileReference; lastKnownFileType = sourcecode.swift; path = RootView.swift; sourceTree = "<group>"; };
		394C1F4D289A467A004E8956 /* Assets.xcassets */ = {isa = PBXFileReference; lastKnownFileType = folder.assetcatalog; path = Assets.xcassets; sourceTree = "<group>"; };
		394C1F50289A467A004E8956 /* Preview Assets.xcassets */ = {isa = PBXFileReference; lastKnownFileType = folder.assetcatalog; path = "Preview Assets.xcassets"; sourceTree = "<group>"; };
		394C1F5D289A4A73004E8956 /* LexendDeca-Bold.ttf */ = {isa = PBXFileReference; lastKnownFileType = file; path = "LexendDeca-Bold.ttf"; sourceTree = "<group>"; };
		394C1F5E289A4A73004E8956 /* LexendDeca-SemiBold.ttf */ = {isa = PBXFileReference; lastKnownFileType = file; path = "LexendDeca-SemiBold.ttf"; sourceTree = "<group>"; };
		394C1F5F289A4A73004E8956 /* LexendDeca-Regular.ttf */ = {isa = PBXFileReference; lastKnownFileType = file; path = "LexendDeca-Regular.ttf"; sourceTree = "<group>"; };
		394C1F63289A4A81004E8956 /* Info.plist */ = {isa = PBXFileReference; lastKnownFileType = text.plist; path = Info.plist; sourceTree = "<group>"; };
		394C1F64289A4B56004E8956 /* Fonts.swift */ = {isa = PBXFileReference; lastKnownFileType = sourcecode.swift; path = Fonts.swift; sourceTree = "<group>"; };
		394C1F67289A6922004E8956 /* CustomTabBar.swift */ = {isa = PBXFileReference; lastKnownFileType = sourcecode.swift; path = CustomTabBar.swift; sourceTree = "<group>"; };
		39A19D4D289A6F7800B08027 /* TabBarButton.swift */ = {isa = PBXFileReference; lastKnownFileType = sourcecode.swift; path = TabBarButton.swift; sourceTree = "<group>"; };
		39A19D4F289A8DDD00B08027 /* GoogleService-Info.plist */ = {isa = PBXFileReference; fileEncoding = 4; lastKnownFileType = text.plist.xml; path = "GoogleService-Info.plist"; sourceTree = "<group>"; };
		39A19D5C289A8F2300B08027 /* AppDelegate.swift */ = {isa = PBXFileReference; lastKnownFileType = sourcecode.swift; path = AppDelegate.swift; sourceTree = "<group>"; };
		39A19D5E289AD16900B08027 /* Edhuru.entitlements */ = {isa = PBXFileReference; lastKnownFileType = text.plist.entitlements; path = Edhuru.entitlements; sourceTree = "<group>"; };
		39A19D5F289AD33900B08027 /* AuthViewModel.swift */ = {isa = PBXFileReference; lastKnownFileType = sourcecode.swift; path = AuthViewModel.swift; sourceTree = "<group>"; };
		39A19D64289AD63100B08027 /* OnboardingContainerView.swift */ = {isa = PBXFileReference; lastKnownFileType = sourcecode.swift; path = OnboardingContainerView.swift; sourceTree = "<group>"; };
		39A19D66289AD75900B08027 /* WelcomeView.swift */ = {isa = PBXFileReference; lastKnownFileType = sourcecode.swift; path = WelcomeView.swift; sourceTree = "<group>"; };
		39A19D68289AD76500B08027 /* PhoneNumberView.swift */ = {isa = PBXFileReference; lastKnownFileType = sourcecode.swift; path = PhoneNumberView.swift; sourceTree = "<group>"; };
		39A19D6A289AD76C00B08027 /* VerificationView.swift */ = {isa = PBXFileReference; lastKnownFileType = sourcecode.swift; path = VerificationView.swift; sourceTree = "<group>"; };
		39A19D6C289AD77E00B08027 /* CreateProfileView.swift */ = {isa = PBXFileReference; lastKnownFileType = sourcecode.swift; path = CreateProfileView.swift; sourceTree = "<group>"; };
		39A19D6E289AD78700B08027 /* SyncContactsView.swift */ = {isa = PBXFileReference; lastKnownFileType = sourcecode.swift; path = SyncContactsView.swift; sourceTree = "<group>"; };
/* End PBXFileReference section */

/* Begin PBXFrameworksBuildPhase section */
		394C1F43289A4679004E8956 /* Frameworks */ = {
			isa = PBXFrameworksBuildPhase;
			buildActionMask = 2147483647;
			files = (
				39A19D59289A8EC600B08027 /* FirebaseMessaging in Frameworks */,
				39A19D53289A8EC500B08027 /* FirebaseAuth in Frameworks */,
				39A19D55289A8EC600B08027 /* FirebaseFirestore in Frameworks */,
				39A19D5B289A8EC600B08027 /* FirebaseStorage in Frameworks */,
				39A19D57289A8EC600B08027 /* FirebaseFirestoreSwift in Frameworks */,
			);
			runOnlyForDeploymentPostprocessing = 0;
		};
/* End PBXFrameworksBuildPhase section */

/* Begin PBXGroup section */
		394C1F3D289A4679004E8956 = {
			isa = PBXGroup;
			children = (
				394C1F48289A4679004E8956 /* Edhuru */,
				394C1F47289A4679004E8956 /* Products */,
			);
			sourceTree = "<group>";
		};
		394C1F47289A4679004E8956 /* Products */ = {
			isa = PBXGroup;
			children = (
				394C1F46289A4679004E8956 /* Edhuru.app */,
			);
			name = Products;
			sourceTree = "<group>";
		};
		394C1F48289A4679004E8956 /* Edhuru */ = {
			isa = PBXGroup;
			children = (
				39A19D5E289AD16900B08027 /* Edhuru.entitlements */,
				394C1F63289A4A81004E8956 /* Info.plist */,
				39A19D4F289A8DDD00B08027 /* GoogleService-Info.plist */,
				39A19D5C289A8F2300B08027 /* AppDelegate.swift */,
				394C1F49289A4679004E8956 /* EdhuruApp.swift */,
				394C1F57289A469D004E8956 /* Views */,
				394C1F58289A46A6004E8956 /* ViewModels */,
				394C1F59289A46AC004E8956 /* Models */,
				394C1F5A289A46BA004E8956 /* Services */,
				394C1F5B289A46C1004E8956 /* Helpers */,
				394C1F5C289A46C7004E8956 /* Fonts */,
				394C1F4D289A467A004E8956 /* Assets.xcassets */,
				394C1F4F289A467A004E8956 /* Preview Content */,
			);
			path = Edhuru;
			sourceTree = "<group>";
		};
		394C1F4F289A467A004E8956 /* Preview Content */ = {
			isa = PBXGroup;
			children = (
				394C1F50289A467A004E8956 /* Preview Assets.xcassets */,
			);
			path = "Preview Content";
			sourceTree = "<group>";
		};
		394C1F57289A469D004E8956 /* Views */ = {
			isa = PBXGroup;
			children = (
				394C1F4B289A4679004E8956 /* RootView.swift */,
				394C1F66289A68F4004E8956 /* Custom Tab Bar */,
				39A19D61289AD5F000B08027 /* Onboarding */,
			);
			path = Views;
			sourceTree = "<group>";
		};
		394C1F58289A46A6004E8956 /* ViewModels */ = {
			isa = PBXGroup;
			children = (
				39A19D5F289AD33900B08027 /* AuthViewModel.swift */,
			);
			path = ViewModels;
			sourceTree = "<group>";
		};
		394C1F59289A46AC004E8956 /* Models */ = {
			isa = PBXGroup;
			children = (
			);
			path = Models;
			sourceTree = "<group>";
		};
		394C1F5A289A46BA004E8956 /* Services */ = {
			isa = PBXGroup;
			children = (
			);
			path = Services;
			sourceTree = "<group>";
		};
		394C1F5B289A46C1004E8956 /* Helpers */ = {
			isa = PBXGroup;
			children = (
				394C1F64289A4B56004E8956 /* Fonts.swift */,
				39A19D4D289A6F7800B08027 /* TabBarButton.swift */,
				3945D11B289AE081005A70B9 /* OnboardingButtonStyle.swift */,
				3945D11E289AE955005A70B9 /* CreateProfileTextFiledStyle.swift */,
			);
			path = Helpers;
			sourceTree = "<group>";
		};
		394C1F5C289A46C7004E8956 /* Fonts */ = {
			isa = PBXGroup;
			children = (
				394C1F5D289A4A73004E8956 /* LexendDeca-Bold.ttf */,
				394C1F5F289A4A73004E8956 /* LexendDeca-Regular.ttf */,
				394C1F5E289A4A73004E8956 /* LexendDeca-SemiBold.ttf */,
			);
			path = Fonts;
			sourceTree = "<group>";
		};
		394C1F66289A68F4004E8956 /* Custom Tab Bar */ = {
			isa = PBXGroup;
			children = (
				394C1F67289A6922004E8956 /* CustomTabBar.swift */,
			);
			path = "Custom Tab Bar";
			sourceTree = "<group>";
		};
		39A19D61289AD5F000B08027 /* Onboarding */ = {
			isa = PBXGroup;
			children = (
				39A19D64289AD63100B08027 /* OnboardingContainerView.swift */,
				39A19D66289AD75900B08027 /* WelcomeView.swift */,
				39A19D68289AD76500B08027 /* PhoneNumberView.swift */,
				39A19D6A289AD76C00B08027 /* VerificationView.swift */,
				39A19D6C289AD77E00B08027 /* CreateProfileView.swift */,
				39A19D6E289AD78700B08027 /* SyncContactsView.swift */,
			);
			path = Onboarding;
			sourceTree = "<group>";
		};
/* End PBXGroup section */

/* Begin PBXNativeTarget section */
		394C1F45289A4679004E8956 /* Edhuru */ = {
			isa = PBXNativeTarget;
			buildConfigurationList = 394C1F54289A467A004E8956 /* Build configuration list for PBXNativeTarget "Edhuru" */;
			buildPhases = (
				394C1F42289A4679004E8956 /* Sources */,
				394C1F43289A4679004E8956 /* Frameworks */,
				394C1F44289A4679004E8956 /* Resources */,
			);
			buildRules = (
			);
			dependencies = (
			);
			name = Edhuru;
			packageProductDependencies = (
				39A19D52289A8EC500B08027 /* FirebaseAuth */,
				39A19D54289A8EC600B08027 /* FirebaseFirestore */,
				39A19D56289A8EC600B08027 /* FirebaseFirestoreSwift */,
				39A19D58289A8EC600B08027 /* FirebaseMessaging */,
				39A19D5A289A8EC600B08027 /* FirebaseStorage */,
			);
			productName = Edhuru;
			productReference = 394C1F46289A4679004E8956 /* Edhuru.app */;
			productType = "com.apple.product-type.application";
		};
/* End PBXNativeTarget section */

/* Begin PBXProject section */
		394C1F3E289A4679004E8956 /* Project object */ = {
			isa = PBXProject;
			attributes = {
				BuildIndependentTargetsInParallel = 1;
				LastSwiftUpdateCheck = 1340;
				LastUpgradeCheck = 1340;
				TargetAttributes = {
					394C1F45289A4679004E8956 = {
						CreatedOnToolsVersion = 13.4.1;
					};
				};
			};
			buildConfigurationList = 394C1F41289A4679004E8956 /* Build configuration list for PBXProject "Edhuru" */;
			compatibilityVersion = "Xcode 13.0";
			developmentRegion = en;
			hasScannedForEncodings = 0;
			knownRegions = (
				en,
				Base,
			);
			mainGroup = 394C1F3D289A4679004E8956;
			packageReferences = (
				39A19D51289A8EC500B08027 /* XCRemoteSwiftPackageReference "firebase-ios-sdk" */,
			);
			productRefGroup = 394C1F47289A4679004E8956 /* Products */;
			projectDirPath = "";
			projectRoot = "";
			targets = (
				394C1F45289A4679004E8956 /* Edhuru */,
			);
		};
/* End PBXProject section */

/* Begin PBXResourcesBuildPhase section */
		394C1F44289A4679004E8956 /* Resources */ = {
			isa = PBXResourcesBuildPhase;
			buildActionMask = 2147483647;
			files = (
				394C1F62289A4A73004E8956 /* LexendDeca-Regular.ttf in Resources */,
				394C1F61289A4A73004E8956 /* LexendDeca-SemiBold.ttf in Resources */,
				394C1F51289A467A004E8956 /* Preview Assets.xcassets in Resources */,
				394C1F4E289A467A004E8956 /* Assets.xcassets in Resources */,
				394C1F60289A4A73004E8956 /* LexendDeca-Bold.ttf in Resources */,
				39A19D50289A8DDD00B08027 /* GoogleService-Info.plist in Resources */,
			);
			runOnlyForDeploymentPostprocessing = 0;
		};
/* End PBXResourcesBuildPhase section */

/* Begin PBXSourcesBuildPhase section */
		394C1F42289A4679004E8956 /* Sources */ = {
			isa = PBXSourcesBuildPhase;
			buildActionMask = 2147483647;
			files = (
				39A19D6F289AD78700B08027 /* SyncContactsView.swift in Sources */,
				39A19D5D289A8F2400B08027 /* AppDelegate.swift in Sources */,
				39A19D65289AD63100B08027 /* OnboardingContainerView.swift in Sources */,
				394C1F68289A6922004E8956 /* CustomTabBar.swift in Sources */,
				3945D11C289AE081005A70B9 /* OnboardingButtonStyle.swift in Sources */,
				394C1F4C289A4679004E8956 /* RootView.swift in Sources */,
				39A19D67289AD75900B08027 /* WelcomeView.swift in Sources */,
				39A19D60289AD33900B08027 /* AuthViewModel.swift in Sources */,
				39A19D6D289AD77E00B08027 /* CreateProfileView.swift in Sources */,
				39A19D69289AD76500B08027 /* PhoneNumberView.swift in Sources */,
				394C1F65289A4B56004E8956 /* Fonts.swift in Sources */,
				39A19D6B289AD76C00B08027 /* VerificationView.swift in Sources */,
				39A19D4E289A6F7900B08027 /* TabBarButton.swift in Sources */,
				3945D11F289AE955005A70B9 /* CreateProfileTextFiledStyle.swift in Sources */,
				394C1F4A289A4679004E8956 /* EdhuruApp.swift in Sources */,
			);
			runOnlyForDeploymentPostprocessing = 0;
		};
/* End PBXSourcesBuildPhase section */

/* Begin XCBuildConfiguration section */
		394C1F52289A467A004E8956 /* Debug */ = {
			isa = XCBuildConfiguration;
			buildSettings = {
				ALWAYS_SEARCH_USER_PATHS = NO;
				CLANG_ANALYZER_NONNULL = YES;
				CLANG_ANALYZER_NUMBER_OBJECT_CONVERSION = YES_AGGRESSIVE;
				CLANG_CXX_LANGUAGE_STANDARD = "gnu++17";
				CLANG_ENABLE_MODULES = YES;
				CLANG_ENABLE_OBJC_ARC = YES;
				CLANG_ENABLE_OBJC_WEAK = YES;
				CLANG_WARN_BLOCK_CAPTURE_AUTORELEASING = YES;
				CLANG_WARN_BOOL_CONVERSION = YES;
				CLANG_WARN_COMMA = YES;
				CLANG_WARN_CONSTANT_CONVERSION = YES;
				CLANG_WARN_DEPRECATED_OBJC_IMPLEMENTATIONS = YES;
				CLANG_WARN_DIRECT_OBJC_ISA_USAGE = YES_ERROR;
				CLANG_WARN_DOCUMENTATION_COMMENTS = YES;
				CLANG_WARN_EMPTY_BODY = YES;
				CLANG_WARN_ENUM_CONVERSION = YES;
				CLANG_WARN_INFINITE_RECURSION = YES;
				CLANG_WARN_INT_CONVERSION = YES;
				CLANG_WARN_NON_LITERAL_NULL_CONVERSION = YES;
				CLANG_WARN_OBJC_IMPLICIT_RETAIN_SELF = YES;
				CLANG_WARN_OBJC_LITERAL_CONVERSION = YES;
				CLANG_WARN_OBJC_ROOT_CLASS = YES_ERROR;
				CLANG_WARN_QUOTED_INCLUDE_IN_FRAMEWORK_HEADER = YES;
				CLANG_WARN_RANGE_LOOP_ANALYSIS = YES;
				CLANG_WARN_STRICT_PROTOTYPES = YES;
				CLANG_WARN_SUSPICIOUS_MOVE = YES;
				CLANG_WARN_UNGUARDED_AVAILABILITY = YES_AGGRESSIVE;
				CLANG_WARN_UNREACHABLE_CODE = YES;
				CLANG_WARN__DUPLICATE_METHOD_MATCH = YES;
				COPY_PHASE_STRIP = NO;
				DEBUG_INFORMATION_FORMAT = dwarf;
				ENABLE_STRICT_OBJC_MSGSEND = YES;
				ENABLE_TESTABILITY = YES;
				GCC_C_LANGUAGE_STANDARD = gnu11;
				GCC_DYNAMIC_NO_PIC = NO;
				GCC_NO_COMMON_BLOCKS = YES;
				GCC_OPTIMIZATION_LEVEL = 0;
				GCC_PREPROCESSOR_DEFINITIONS = (
					"DEBUG=1",
					"$(inherited)",
				);
				GCC_WARN_64_TO_32_BIT_CONVERSION = YES;
				GCC_WARN_ABOUT_RETURN_TYPE = YES_ERROR;
				GCC_WARN_UNDECLARED_SELECTOR = YES;
				GCC_WARN_UNINITIALIZED_AUTOS = YES_AGGRESSIVE;
				GCC_WARN_UNUSED_FUNCTION = YES;
				GCC_WARN_UNUSED_VARIABLE = YES;
				IPHONEOS_DEPLOYMENT_TARGET = 15.5;
				MTL_ENABLE_DEBUG_INFO = INCLUDE_SOURCE;
				MTL_FAST_MATH = YES;
				ONLY_ACTIVE_ARCH = YES;
				SDKROOT = iphoneos;
				SWIFT_ACTIVE_COMPILATION_CONDITIONS = DEBUG;
				SWIFT_OPTIMIZATION_LEVEL = "-Onone";
			};
			name = Debug;
		};
		394C1F53289A467A004E8956 /* Release */ = {
			isa = XCBuildConfiguration;
			buildSettings = {
				ALWAYS_SEARCH_USER_PATHS = NO;
				CLANG_ANALYZER_NONNULL = YES;
				CLANG_ANALYZER_NUMBER_OBJECT_CONVERSION = YES_AGGRESSIVE;
				CLANG_CXX_LANGUAGE_STANDARD = "gnu++17";
				CLANG_ENABLE_MODULES = YES;
				CLANG_ENABLE_OBJC_ARC = YES;
				CLANG_ENABLE_OBJC_WEAK = YES;
				CLANG_WARN_BLOCK_CAPTURE_AUTORELEASING = YES;
				CLANG_WARN_BOOL_CONVERSION = YES;
				CLANG_WARN_COMMA = YES;
				CLANG_WARN_CONSTANT_CONVERSION = YES;
				CLANG_WARN_DEPRECATED_OBJC_IMPLEMENTATIONS = YES;
				CLANG_WARN_DIRECT_OBJC_ISA_USAGE = YES_ERROR;
				CLANG_WARN_DOCUMENTATION_COMMENTS = YES;
				CLANG_WARN_EMPTY_BODY = YES;
				CLANG_WARN_ENUM_CONVERSION = YES;
				CLANG_WARN_INFINITE_RECURSION = YES;
				CLANG_WARN_INT_CONVERSION = YES;
				CLANG_WARN_NON_LITERAL_NULL_CONVERSION = YES;
				CLANG_WARN_OBJC_IMPLICIT_RETAIN_SELF = YES;
				CLANG_WARN_OBJC_LITERAL_CONVERSION = YES;
				CLANG_WARN_OBJC_ROOT_CLASS = YES_ERROR;
				CLANG_WARN_QUOTED_INCLUDE_IN_FRAMEWORK_HEADER = YES;
				CLANG_WARN_RANGE_LOOP_ANALYSIS = YES;
				CLANG_WARN_STRICT_PROTOTYPES = YES;
				CLANG_WARN_SUSPICIOUS_MOVE = YES;
				CLANG_WARN_UNGUARDED_AVAILABILITY = YES_AGGRESSIVE;
				CLANG_WARN_UNREACHABLE_CODE = YES;
				CLANG_WARN__DUPLICATE_METHOD_MATCH = YES;
				COPY_PHASE_STRIP = NO;
				DEBUG_INFORMATION_FORMAT = "dwarf-with-dsym";
				ENABLE_NS_ASSERTIONS = NO;
				ENABLE_STRICT_OBJC_MSGSEND = YES;
				GCC_C_LANGUAGE_STANDARD = gnu11;
				GCC_NO_COMMON_BLOCKS = YES;
				GCC_WARN_64_TO_32_BIT_CONVERSION = YES;
				GCC_WARN_ABOUT_RETURN_TYPE = YES_ERROR;
				GCC_WARN_UNDECLARED_SELECTOR = YES;
				GCC_WARN_UNINITIALIZED_AUTOS = YES_AGGRESSIVE;
				GCC_WARN_UNUSED_FUNCTION = YES;
				GCC_WARN_UNUSED_VARIABLE = YES;
				IPHONEOS_DEPLOYMENT_TARGET = 15.5;
				MTL_ENABLE_DEBUG_INFO = NO;
				MTL_FAST_MATH = YES;
				SDKROOT = iphoneos;
				SWIFT_COMPILATION_MODE = wholemodule;
				SWIFT_OPTIMIZATION_LEVEL = "-O";
				VALIDATE_PRODUCT = YES;
			};
			name = Release;
		};
		394C1F55289A467A004E8956 /* Debug */ = {
			isa = XCBuildConfiguration;
			buildSettings = {
				ASSETCATALOG_COMPILER_APPICON_NAME = AppIcon;
				ASSETCATALOG_COMPILER_GLOBAL_ACCENT_COLOR_NAME = AccentColor;
				CODE_SIGN_ENTITLEMENTS = Edhuru/Edhuru.entitlements;
				CODE_SIGN_STYLE = Automatic;
				CURRENT_PROJECT_VERSION = 1;
				DEVELOPMENT_ASSET_PATHS = "\"Edhuru/Preview Content\"";
				DEVELOPMENT_TEAM = 4HKB37NRY9;
				ENABLE_PREVIEWS = YES;
				GENERATE_INFOPLIST_FILE = YES;
				INFOPLIST_FILE = Edhuru/Info.plist;
				INFOPLIST_KEY_UIApplicationSceneManifest_Generation = YES;
				INFOPLIST_KEY_UIApplicationSupportsIndirectInputEvents = YES;
				INFOPLIST_KEY_UILaunchScreen_Generation = YES;
				INFOPLIST_KEY_UISupportedInterfaceOrientations_iPad = "UIInterfaceOrientationPortrait UIInterfaceOrientationPortraitUpsideDown UIInterfaceOrientationLandscapeLeft UIInterfaceOrientationLandscapeRight";
				INFOPLIST_KEY_UISupportedInterfaceOrientations_iPhone = "UIInterfaceOrientationPortrait UIInterfaceOrientationLandscapeLeft UIInterfaceOrientationLandscapeRight";
				LD_RUNPATH_SEARCH_PATHS = (
					"$(inherited)",
					"@executable_path/Frameworks",
				);
				MARKETING_VERSION = 1.0;
				PRODUCT_BUNDLE_IDENTIFIER = eyaadh.Edhuru;
				PRODUCT_NAME = "$(TARGET_NAME)";
				SWIFT_EMIT_LOC_STRINGS = YES;
				SWIFT_VERSION = 5.0;
				TARGETED_DEVICE_FAMILY = "1,2";
			};
			name = Debug;
		};
		394C1F56289A467A004E8956 /* Release */ = {
			isa = XCBuildConfiguration;
			buildSettings = {
				ASSETCATALOG_COMPILER_APPICON_NAME = AppIcon;
				ASSETCATALOG_COMPILER_GLOBAL_ACCENT_COLOR_NAME = AccentColor;
				CODE_SIGN_ENTITLEMENTS = Edhuru/Edhuru.entitlements;
				CODE_SIGN_STYLE = Automatic;
				CURRENT_PROJECT_VERSION = 1;
				DEVELOPMENT_ASSET_PATHS = "\"Edhuru/Preview Content\"";
				DEVELOPMENT_TEAM = 4HKB37NRY9;
				ENABLE_PREVIEWS = YES;
				GENERATE_INFOPLIST_FILE = YES;
				INFOPLIST_FILE = Edhuru/Info.plist;
				INFOPLIST_KEY_UIApplicationSceneManifest_Generation = YES;
				INFOPLIST_KEY_UIApplicationSupportsIndirectInputEvents = YES;
				INFOPLIST_KEY_UILaunchScreen_Generation = YES;
				INFOPLIST_KEY_UISupportedInterfaceOrientations_iPad = "UIInterfaceOrientationPortrait UIInterfaceOrientationPortraitUpsideDown UIInterfaceOrientationLandscapeLeft UIInterfaceOrientationLandscapeRight";
				INFOPLIST_KEY_UISupportedInterfaceOrientations_iPhone = "UIInterfaceOrientationPortrait UIInterfaceOrientationLandscapeLeft UIInterfaceOrientationLandscapeRight";
				LD_RUNPATH_SEARCH_PATHS = (
					"$(inherited)",
					"@executable_path/Frameworks",
				);
				MARKETING_VERSION = 1.0;
				PRODUCT_BUNDLE_IDENTIFIER = eyaadh.Edhuru;
				PRODUCT_NAME = "$(TARGET_NAME)";
				SWIFT_EMIT_LOC_STRINGS = YES;
				SWIFT_VERSION = 5.0;
				TARGETED_DEVICE_FAMILY = "1,2";
			};
			name = Release;
		};
/* End XCBuildConfiguration section */

/* Begin XCConfigurationList section */
		394C1F41289A4679004E8956 /* Build configuration list for PBXProject "Edhuru" */ = {
			isa = XCConfigurationList;
			buildConfigurations = (
				394C1F52289A467A004E8956 /* Debug */,
				394C1F53289A467A004E8956 /* Release */,
			);
			defaultConfigurationIsVisible = 0;
			defaultConfigurationName = Release;
		};
		394C1F54289A467A004E8956 /* Build configuration list for PBXNativeTarget "Edhuru" */ = {
			isa = XCConfigurationList;
			buildConfigurations = (
				394C1F55289A467A004E8956 /* Debug */,
				394C1F56289A467A004E8956 /* Release */,
			);
			defaultConfigurationIsVisible = 0;
			defaultConfigurationName = Release;
		};
/* End XCConfigurationList section */

/* Begin XCRemoteSwiftPackageReference section */
		39A19D51289A8EC500B08027 /* XCRemoteSwiftPackageReference "firebase-ios-sdk" */ = {
			isa = XCRemoteSwiftPackageReference;
			repositoryURL = "https://github.com/firebase/firebase-ios-sdk";
			requirement = {
				kind = upToNextMajorVersion;
				minimumVersion = 9.0.0;
			};
		};
/* End XCRemoteSwiftPackageReference section */

/* Begin XCSwiftPackageProductDependency section */
		39A19D52289A8EC500B08027 /* FirebaseAuth */ = {
			isa = XCSwiftPackageProductDependency;
			package = 39A19D51289A8EC500B08027 /* XCRemoteSwiftPackageReference "firebase-ios-sdk" */;
			productName = FirebaseAuth;
		};
		39A19D54289A8EC600B08027 /* FirebaseFirestore */ = {
			isa = XCSwiftPackageProductDependency;
			package = 39A19D51289A8EC500B08027 /* XCRemoteSwiftPackageReference "firebase-ios-sdk" */;
			productName = FirebaseFirestore;
		};
		39A19D56289A8EC600B08027 /* FirebaseFirestoreSwift */ = {
			isa = XCSwiftPackageProductDependency;
			package = 39A19D51289A8EC500B08027 /* XCRemoteSwiftPackageReference "firebase-ios-sdk" */;
			productName = FirebaseFirestoreSwift;
		};
		39A19D58289A8EC600B08027 /* FirebaseMessaging */ = {
			isa = XCSwiftPackageProductDependency;
			package = 39A19D51289A8EC500B08027 /* XCRemoteSwiftPackageReference "firebase-ios-sdk" */;
			productName = FirebaseMessaging;
		};
		39A19D5A289A8EC600B08027 /* FirebaseStorage */ = {
			isa = XCSwiftPackageProductDependency;
			package = 39A19D51289A8EC500B08027 /* XCRemoteSwiftPackageReference "firebase-ios-sdk" */;
			productName = FirebaseStorage;
		};
/* End XCSwiftPackageProductDependency section */
	};
	rootObject = 394C1F3E289A4679004E8956 /* Project object */;
}
